
Microsoft Visual Studio Solution File, Format Version 11.00
# Visual Studio 2010
Project("{FAE04EC0-301F-11D3-BF4B-00C04F79EFBC}") = "Tests", "Tests\Tests.csproj", "{2CC2229D-EEA0-42DB-ADA2-5D9D3856AD4D}"
EndProject
Project("{FAE04EC0-301F-11D3-BF4B-00C04F79EFBC}") = "Lib", "Lib\Lib.csproj", "{3D393D09-5ACE-4D7D-A0A1-3E8E93234B0F}"
EndProject
Global
	GlobalSection(SolutionConfigurationPlatforms) = preSolution
		Debug|Any CPU = Debug|Any CPU
		Release|Any CPU = Release|Any CPU
	EndGlobalSection
	GlobalSection(ProjectConfigurationPlatforms) = postSolution
		{2CC2229D-EEA0-42DB-ADA2-5D9D3856AD4D}.Debug|Any CPU.ActiveCfg = Debug|Any CPU
		{2CC2229D-EEA0-42DB-ADA2-5D9D3856AD4D}.Debug|Any CPU.Build.0 = Debug|Any CPU
		{2CC2229D-EEA0-42DB-ADA2-5D9D3856AD4D}.Release|Any CPU.ActiveCfg = Release|Any CPU
		{2CC2229D-EEA0-42DB-ADA2-5D9D3856AD4D}.Release|Any CPU.Build.0 = Release|Any CPU
		{3D393D09-5ACE-4D7D-A0A1-3E8E93234B0F}.Debug|Any CPU.ActiveCfg = Debug|Any CPU
		{3D393D09-5ACE-4D7D-A0A1-3E8E93234B0F}.Debug|Any CPU.Build.0 = Debug|Any CPU
		{3D393D09-5ACE-4D7D-A0A1-3E8E93234B0F}.Release|Any CPU.ActiveCfg = Release|Any CPU
		{3D393D09-5ACE-4D7D-A0A1-3E8E93234B0F}.Release|Any CPU.Build.0 = Release|Any CPU
	EndGlobalSection
	GlobalSection(SolutionProperties) = preSolution
		HideSolutionNode = FALSE
	EndGlobalSection
EndGlobal
